
Microsoft Visual Studio Solution File, Format Version 12.00
# Visual Studio Version 17
VisualStudioVersion = 17.7.34202.233
MinimumVisualStudioVersion = 10.0.40219.1
Project("{FAE04EC0-301F-11D3-BF4B-00C04F79EFBC}") = "ProjOb_24L_01180781", "ProjOb_24L_01180781\ProjOb_24L_01180781.csproj", "{6291BAE3-3619-46DF-A793-A68E1A5BB072}"
EndProject
Global
	GlobalSection(SolutionConfigurationPlatforms) = preSolution
		Debug|Any CPU = Debug|Any CPU
		Release|Any CPU = Release|Any CPU
	EndGlobalSection
	GlobalSection(ProjectConfigurationPlatforms) = postSolution
		{6291BAE3-3619-46DF-A793-A68E1A5BB072}.Debug|Any CPU.ActiveCfg = Debug|Any CPU
		{6291BAE3-3619-46DF-A793-A68E1A5BB072}.Debug|Any CPU.Build.0 = Debug|Any CPU
		{6291BAE3-3619-46DF-A793-A68E1A5BB072}.Release|Any CPU.ActiveCfg = Release|Any CPU
		{6291BAE3-3619-46DF-A793-A68E1A5BB072}.Release|Any CPU.Build.0 = Release|Any CPU
	EndGlobalSection
	GlobalSection(SolutionProperties) = preSolution
		HideSolutionNode = FALSE
	EndGlobalSection
	GlobalSection(ExtensibilityGlobals) = postSolution
		SolutionGuid = {DAE0B371-F445-4F12-B116-6AC575B03B7B}
	EndGlobalSection
EndGlobal
